
Microsoft Visual Studio Solution File, Format Version 12.00
# Visual Studio 2015
Project("{FAE04EC0-301F-11D3-BF4B-00C04F79EFBC}") = "Posner", "Posner.csproj", "{6A7775B8-1058-7B70-B96F-5CF06CC9A4C7}"
EndProject
Project("{FAE04EC0-301F-11D3-BF4B-00C04F79EFBC}") = "Posner.Editor", "Posner.Editor.csproj", "{64F987D7-02B9-A1D4-A000-A150A24575CC}"
EndProject
Global
	GlobalSection(SolutionConfigurationPlatforms) = preSolution
		Debug|Any CPU = Debug|Any CPU
		Release|Any CPU = Release|Any CPU
	EndGlobalSection
	GlobalSection(ProjectConfigurationPlatforms) = postSolution
		{6A7775B8-1058-7B70-B96F-5CF06CC9A4C7}.Debug|Any CPU.ActiveCfg = Debug|Any CPU
		{6A7775B8-1058-7B70-B96F-5CF06CC9A4C7}.Debug|Any CPU.Build.0 = Debug|Any CPU
		{6A7775B8-1058-7B70-B96F-5CF06CC9A4C7}.Release|Any CPU.ActiveCfg = Release|Any CPU
		{6A7775B8-1058-7B70-B96F-5CF06CC9A4C7}.Release|Any CPU.Build.0 = Release|Any CPU
		{64F987D7-02B9-A1D4-A000-A150A24575CC}.Debug|Any CPU.ActiveCfg = Debug|Any CPU
		{64F987D7-02B9-A1D4-A000-A150A24575CC}.Debug|Any CPU.Build.0 = Debug|Any CPU
		{64F987D7-02B9-A1D4-A000-A150A24575CC}.Release|Any CPU.ActiveCfg = Release|Any CPU
		{64F987D7-02B9-A1D4-A000-A150A24575CC}.Release|Any CPU.Build.0 = Release|Any CPU
	EndGlobalSection
	GlobalSection(SolutionProperties) = preSolution
		HideSolutionNode = FALSE
	EndGlobalSection
EndGlobal
